<?xml version="1.0" encoding="UTF-8" standalone="yes" ?>
<CodeBlocks_project_file>
	<FileVersion major="1" minor="6" />
	<Project>
		<Option title="seap" />
		<Option pch_mode="2" />
		<Option compiler="gcc" />
		<Build>
			<Target title="Debug">
				<Option output="run/seap" prefix_auto="1" extension_auto="1" />
				<Option working_dir="run" />
				<Option object_output="obj/debug" />
				<Option type="1" />
				<Option compiler="gcc" />
				<Compiler>
					<Add option="-g" />
				</Compiler>
			</Target>
			<Target title="Release">
				<Option output="run/seap_r" prefix_auto="1" extension_auto="1" />
				<Option working_dir="run" />
				<Option object_output="obj/release" />
				<Option type="1" />
				<Option compiler="gcc" />
				<Compiler>
					<Add option="-fexpensive-optimizations" />
					<Add option="-Os" />
					<Add option="-O3" />
				</Compiler>
				<Linker>
					<Add option="-s" />
				</Linker>
			</Target>
			<Target title="Aux expandparam">
				<Option output="run/expandparam" prefix_auto="1" extension_auto="1" />
				<Option working_dir="run" />
				<Option object_output="obj/aux" />
				<Option type="1" />
				<Option compiler="gcc" />
				<Compiler>
					<Add option="-fexpensive-optimizations" />
					<Add option="-Os" />
					<Add option="-O3" />
				</Compiler>
				<Linker>
					<Add option="-s" />
				</Linker>
			</Target>
		</Build>
		<Compiler>
			<Add option="-Wall" />
			<Add option="-fexceptions" />
		</Compiler>
		<Linker>
			<Add library="/usr/local/lib/libconfig++.a" />
		</Linker>
		<Unit filename="src/aux/expandparam.cpp">
			<Option target="Aux expandparam" />
		</Unit>
		<Unit filename="src/build_params.h">
			<Option target="Debug" />
			<Option target="Release" />
		</Unit>
		<Unit filename="src/generador.cpp">
			<Option target="Debug" />
			<Option target="Release" />
		</Unit>
		<Unit filename="src/generador.h">
			<Option target="Debug" />
			<Option target="Release" />
		</Unit>
		<Unit filename="src/juezEspecial.cpp">
			<Option target="Debug" />
			<Option target="Release" />
		</Unit>
		<Unit filename="src/juezEspecial.h">
			<Option target="Debug" />
			<Option target="Release" />
		</Unit>
		<Unit filename="src/juezInteractivo.cpp">
			<Option target="Debug" />
			<Option target="Release" />
		</Unit>
		<Unit filename="src/juezInteractivo.h">
			<Option target="Debug" />
			<Option target="Release" />
		</Unit>
		<Unit filename="src/juezNormal.cpp">
			<Option target="Release" />
			<Option target="Debug" />
		</Unit>
		<Unit filename="src/juezNormal.h">
			<Option target="Debug" />
			<Option target="Release" />
		</Unit>
		<Unit filename="src/main.cpp">
			<Option target="Debug" />
			<Option target="Release" />
		</Unit>
		<Unit filename="src/main_evaluation.cpp">
			<Option compile="0" />
			<Option link="0" />
			<Option target="Debug" />
			<Option target="Release" />
		</Unit>
		<Unit filename="src/main_validation.cpp">
			<Option compile="0" />
			<Option link="0" />
			<Option target="Debug" />
			<Option target="Release" />
		</Unit>
		<Unit filename="src/utils/calificacion.cpp">
			<Option target="Debug" />
			<Option target="Release" />
		</Unit>
		<Unit filename="src/utils/calificacion.h">
			<Option target="Debug" />
			<Option target="Release" />
		</Unit>
		<Unit filename="src/utils/casoPrueba.cpp">
			<Option target="Debug" />
			<Option target="Release" />
		</Unit>
		<Unit filename="src/utils/casoPrueba.h">
			<Option target="Debug" />
			<Option target="Release" />
		</Unit>
		<Unit filename="src/utils/config.cpp">
			<Option target="Debug" />
			<Option target="Release" />
		</Unit>
		<Unit filename="src/utils/config.h">
			<Option target="Debug" />
			<Option target="Release" />
		</Unit>
		<Unit filename="src/utils/config_exceptions.h">
			<Option target="Debug" />
			<Option target="Release" />
		</Unit>
		<Unit filename="src/utils/process_control.cpp">
			<Option target="Debug" />
			<Option target="Release" />
		</Unit>
		<Unit filename="src/utils/process_control.h">
			<Option target="Debug" />
			<Option target="Release" />
		</Unit>
		<Unit filename="src/utils/reporte.cpp">
			<Option target="Debug" />
			<Option target="Release" />
		</Unit>
		<Unit filename="src/utils/reporte.h">
			<Option target="Debug" />
			<Option target="Release" />
		</Unit>
		<Unit filename="src/utils/string_manip.cpp">
			<Option target="Debug" />
			<Option target="Release" />
		</Unit>
		<Unit filename="src/utils/string_manip.h">
			<Option target="Debug" />
			<Option target="Release" />
		</Unit>
		<Unit filename="src/utils/validation.cpp">
			<Option target="Debug" />
			<Option target="Release" />
		</Unit>
		<Unit filename="src/utils/validation.h">
			<Option target="Debug" />
			<Option target="Release" />
		</Unit>
		<Extensions>
			<code_completion />
			<debugger />
			<envvars />
		</Extensions>
	</Project>
</CodeBlocks_project_file>
